// !$*UTF8*$!
{
	archiveVersion = 1;
	classes = {
	};
	objectVersion = 46;
	objects = {

/* Begin PBXBuildFile section */
		3C2A8B191CE8A8D10089CE9F /* main.m in Sources */ = {isa = PBXBuildFile; fileRef = 3C2A8B181CE8A8D10089CE9F /* main.m */; };
		3C2A8B1C1CE8A8D10089CE9F /* AppDelegate.mm in Sources */ = {isa = PBXBuildFile; fileRef = 3C2A8B1B1CE8A8D10089CE9F /* AppDelegate.mm */; };
		3C2A8B241CE8A8D10089CE9F /* Assets.xcassets in Resources */ = {isa = PBXBuildFile; fileRef = 3C2A8B231CE8A8D10089CE9F /* Assets.xcassets */; };
		3C2A8B301CE8A95D0089CE9F /* UIOpenGLES3View.mm in Sources */ = {isa = PBXBuildFile; fileRef = 3C2A8B2F1CE8A95D0089CE9F /* UIOpenGLES3View.mm */; };
/* End PBXBuildFile section */

/* Begin PBXFileReference section */
		3C2A8B141CE8A8D00089CE9F /* OpenGLES3MostSimpleiOS.app */ = {isa = PBXFileReference; explicitFileType = wrapper.application; includeInIndex = 0; path = OpenGLES3MostSimpleiOS.app; sourceTree = BUILT_PRODUCTS_DIR; };
		3C2A8B181CE8A8D10089CE9F /* main.m */ = {isa = PBXFileReference; lastKnownFileType = sourcecode.c.objc; path = main.m; sourceTree = "<group>"; };
		3C2A8B1A1CE8A8D10089CE9F /* AppDelegate.h */ = {isa = PBXFileReference; lastKnownFileType = sourcecode.c.h; path = AppDelegate.h; sourceTree = "<group>"; };
		3C2A8B1B1CE8A8D10089CE9F /* AppDelegate.mm */ = {isa = PBXFileReference; lastKnownFileType = sourcecode.cpp.objcpp; path = AppDelegate.mm; sourceTree = "<group>"; };
		3C2A8B231CE8A8D10089CE9F /* Assets.xcassets */ = {isa = PBXFileReference; lastKnownFileType = folder.assetcatalog; path = Assets.xcassets; sourceTree = "<group>"; };
		3C2A8B281CE8A8D10089CE9F /* Info.plist */ = {isa = PBXFileReference; lastKnownFileType = text.plist.xml; path = Info.plist; sourceTree = "<group>"; };
		3C2A8B2E1CE8A95D0089CE9F /* UIOpenGLES3View.h */ = {isa = PBXFileReference; fileEncoding = 4; lastKnownFileType = sourcecode.c.h; path = UIOpenGLES3View.h; sourceTree = "<group>"; };
		3C2A8B2F1CE8A95D0089CE9F /* UIOpenGLES3View.mm */ = {isa = PBXFileReference; fileEncoding = 4; lastKnownFileType = sourcecode.cpp.objcpp; path = UIOpenGLES3View.mm; sourceTree = "<group>"; };
/* End PBXFileReference section */

/* Begin PBXFrameworksBuildPhase section */
		3C2A8B111CE8A8D00089CE9F /* Frameworks */ = {
			isa = PBXFrameworksBuildPhase;
			buildActionMask = 2147483647;
			files = (
			);
			runOnlyForDeploymentPostprocessing = 0;
		};
/* End PBXFrameworksBuildPhase section */

/* Begin PBXGroup section */
		3C2A8B0B1CE8A8D00089CE9F = {
			isa = PBXGroup;
			children = (
				3C2A8B161CE8A8D10089CE9F /* OpenGLES3MostSimpleiOS */,
				3C2A8B151CE8A8D00089CE9F /* Products */,
			);
			sourceTree = "<group>";
		};
		3C2A8B151CE8A8D00089CE9F /* Products */ = {
			isa = PBXGroup;
			children = (
				3C2A8B141CE8A8D00089CE9F /* OpenGLES3MostSimpleiOS.app */,
			);
			name = Products;
			sourceTree = "<group>";
		};
		3C2A8B161CE8A8D10089CE9F /* OpenGLES3MostSimpleiOS */ = {
			isa = PBXGroup;
			children = (
				3C2A8B1A1CE8A8D10089CE9F /* AppDelegate.h */,
				3C2A8B1B1CE8A8D10089CE9F /* AppDelegate.mm */,
				3C2A8B2E1CE8A95D0089CE9F /* UIOpenGLES3View.h */,
				3C2A8B2F1CE8A95D0089CE9F /* UIOpenGLES3View.mm */,
				3C2A8B231CE8A8D10089CE9F /* Assets.xcassets */,
				3C2A8B281CE8A8D10089CE9F /* Info.plist */,
				3C2A8B171CE8A8D10089CE9F /* Supporting Files */,
			);
			path = OpenGLES3MostSimpleiOS;
			sourceTree = "<group>";
		};
		3C2A8B171CE8A8D10089CE9F /* Supporting Files */ = {
			isa = PBXGroup;
			children = (
				3C2A8B181CE8A8D10089CE9F /* main.m */,
			);
			name = "Supporting Files";
			sourceTree = "<group>";
		};
/* End PBXGroup section */

/* Begin PBXNativeTarget section */
		3C2A8B131CE8A8D00089CE9F /* OpenGLES3MostSimpleiOS */ = {
			isa = PBXNativeTarget;
			buildConfigurationList = 3C2A8B2B1CE8A8D10089CE9F /* Build configuration list for PBXNativeTarget "OpenGLES3MostSimpleiOS" */;
			buildPhases = (
				3C2A8B101CE8A8D00089CE9F /* Sources */,
				3C2A8B111CE8A8D00089CE9F /* Frameworks */,
				3C2A8B121CE8A8D00089CE9F /* Resources */,
			);
			buildRules = (
			);
			dependencies = (
			);
			name = OpenGLES3MostSimpleiOS;
			productName = OpenGLES3MostSimpleiOS;
			productReference = 3C2A8B141CE8A8D00089CE9F /* OpenGLES3MostSimpleiOS.app */;
			productType = "com.apple.product-type.application";
		};
/* End PBXNativeTarget section */

/* Begin PBXProject section */
		3C2A8B0C1CE8A8D00089CE9F /* Project object */ = {
			isa = PBXProject;
			attributes = {
				LastUpgradeCheck = 0730;
				ORGANIZATIONNAME = "KAJIWARA SUMIO";
				TargetAttributes = {
					3C2A8B131CE8A8D00089CE9F = {
						CreatedOnToolsVersion = 7.3.1;
					};
				};
			};
			buildConfigurationList = 3C2A8B0F1CE8A8D00089CE9F /* Build configuration list for PBXProject "OpenGLES3MostSimpleiOS" */;
			compatibilityVersion = "Xcode 3.2";
			developmentRegion = English;
			hasScannedForEncodings = 0;
			knownRegions = (
				en,
				Base,
			);
			mainGroup = 3C2A8B0B1CE8A8D00089CE9F;
			productRefGroup = 3C2A8B151CE8A8D00089CE9F /* Products */;
			projectDirPath = "";
			projectRoot = "";
			targets = (
				3C2A8B131CE8A8D00089CE9F /* OpenGLES3MostSimpleiOS */,
			);
		};
/* End PBXProject section */

/* Begin PBXResourcesBuildPhase section */
		3C2A8B121CE8A8D00089CE9F /* Resources */ = {
			isa = PBXResourcesBuildPhase;
			buildActionMask = 2147483647;
			files = (
				3C2A8B241CE8A8D10089CE9F /* Assets.xcassets in Resources */,
			);
			runOnlyForDeploymentPostprocessing = 0;
		};
/* End PBXResourcesBuildPhase section */

/* Begin PBXSourcesBuildPhase section */
		3C2A8B101CE8A8D00089CE9F /* Sources */ = {
			isa = PBXSourcesBuildPhase;
			buildActionMask = 2147483647;
			files = (
				3C2A8B1C1CE8A8D10089CE9F /* AppDelegate.mm in Sources */,
				3C2A8B301CE8A95D0089CE9F /* UIOpenGLES3View.mm in Sources */,
				3C2A8B191CE8A8D10089CE9F /* main.m in Sources */,
			);
			runOnlyForDeploymentPostprocessing = 0;
		};
/* End PBXSourcesBuildPhase section */

/* Begin XCBuildConfiguration section */
		3C2A8B291CE8A8D10089CE9F /* Debug */ = {
			isa = XCBuildConfiguration;
			buildSettings = {
				ALWAYS_SEARCH_USER_PATHS = NO;
				CLANG_ANALYZER_NONNULL = YES;
				CLANG_CXX_LANGUAGE_STANDARD = "gnu++0x";
				CLANG_CXX_LIBRARY = "libc++";
				CLANG_ENABLE_MODULES = YES;
				CLANG_ENABLE_OBJC_ARC = YES;
				CLANG_WARN_BOOL_CONVERSION = YES;
				CLANG_WARN_CONSTANT_CONVERSION = YES;
				CLANG_WARN_DIRECT_OBJC_ISA_USAGE = YES_ERROR;
				CLANG_WARN_EMPTY_BODY = YES;
				CLANG_WARN_ENUM_CONVERSION = YES;
				CLANG_WARN_INT_CONVERSION = YES;
				CLANG_WARN_OBJC_ROOT_CLASS = YES_ERROR;
				CLANG_WARN_UNREACHABLE_CODE = YES;
				CLANG_WARN__DUPLICATE_METHOD_MATCH = YES;
				"CODE_SIGN_IDENTITY[sdk=iphoneos*]" = "iPhone Developer";
				COPY_PHASE_STRIP = NO;
				DEBUG_INFORMATION_FORMAT = dwarf;
				ENABLE_STRICT_OBJC_MSGSEND = YES;
				ENABLE_TESTABILITY = YES;
				GCC_C_LANGUAGE_STANDARD = gnu99;
				GCC_DYNAMIC_NO_PIC = NO;
				GCC_NO_COMMON_BLOCKS = YES;
				GCC_OPTIMIZATION_LEVEL = 0;
				GCC_PREPROCESSOR_DEFINITIONS = (
					"DEBUG=1",
					"$(inherited)",
				);
				GCC_WARN_64_TO_32_BIT_CONVERSION = YES;
				GCC_WARN_ABOUT_RETURN_TYPE = YES_ERROR;
				GCC_WARN_UNDECLARED_SELECTOR = YES;
				GCC_WARN_UNINITIALIZED_AUTOS = YES_AGGRESSIVE;
				GCC_WARN_UNUSED_FUNCTION = YES;
				GCC_WARN_UNUSED_VARIABLE = YES;
				IPHONEOS_DEPLOYMENT_TARGET = 9.3;
				MTL_ENABLE_DEBUG_INFO = YES;
				ONLY_ACTIVE_ARCH = YES;
				SDKROOT = iphoneos;
			};
			name = Debug;
		};
		3C2A8B2A1CE8A8D10089CE9F /* Release */ = {
			isa = XCBuildConfiguration;
			buildSettings = {
				ALWAYS_SEARCH_USER_PATHS = NO;
				CLANG_ANALYZER_NONNULL = YES;
				CLANG_CXX_LANGUAGE_STANDARD = "gnu++0x";
				CLANG_CXX_LIBRARY = "libc++";
				CLANG_ENABLE_MODULES = YES;
				CLANG_ENABLE_OBJC_ARC = YES;
				CLANG_WARN_BOOL_CONVERSION = YES;
				CLANG_WARN_CONSTANT_CONVERSION = YES;
				CLANG_WARN_DIRECT_OBJC_ISA_USAGE = YES_ERROR;
				CLANG_WARN_EMPTY_BODY = YES;
				CLANG_WARN_ENUM_CONVERSION = YES;
				CLANG_WARN_INT_CONVERSION = YES;
				CLANG_WARN_OBJC_ROOT_CLASS = YES_ERROR;
				CLANG_WARN_UNREACHABLE_CODE = YES;
				CLANG_WARN__DUPLICATE_METHOD_MATCH = YES;
				"CODE_SIGN_IDENTITY[sdk=iphoneos*]" = "iPhone Developer";
				COPY_PHASE_STRIP = NO;
				DEBUG_INFORMATION_FORMAT = "dwarf-with-dsym";
				ENABLE_NS_ASSERTIONS = NO;
				ENABLE_STRICT_OBJC_MSGSEND = YES;
				GCC_C_LANGUAGE_STANDARD = gnu99;
				GCC_NO_COMMON_BLOCKS = YES;
				GCC_WARN_64_TO_32_BIT_CONVERSION = YES;
				GCC_WARN_ABOUT_RETURN_TYPE = YES_ERROR;
				GCC_WARN_UNDECLARED_SELECTOR = YES;
				GCC_WARN_UNINITIALIZED_AUTOS = YES_AGGRESSIVE;
				GCC_WARN_UNUSED_FUNCTION = YES;
				GCC_WARN_UNUSED_VARIABLE = YES;
				IPHONEOS_DEPLOYMENT_TARGET = 9.3;
				MTL_ENABLE_DEBUG_INFO = NO;
				SDKROOT = iphoneos;
				VALIDATE_PRODUCT = YES;
			};
			name = Release;
		};
		3C2A8B2C1CE8A8D10089CE9F /* Debug */ = {
			isa = XCBuildConfiguration;
			buildSettings = {
				ASSETCATALOG_COMPILER_APPICON_NAME = AppIcon;
				INFOPLIST_FILE = OpenGLES3MostSimpleiOS/Info.plist;
				LD_RUNPATH_SEARCH_PATHS = "$(inherited) @executable_path/Frameworks";
				PRODUCT_BUNDLE_IDENTIFIER = com.skyen.opengles3mostsimpleios.OpenGLES3MostSimpleiOS;
				PRODUCT_NAME = "$(TARGET_NAME)";
			};
			name = Debug;
		};
		3C2A8B2D1CE8A8D10089CE9F /* Release */ = {
			isa = XCBuildConfiguration;
			buildSettings = {
				ASSETCATALOG_COMPILER_APPICON_NAME = AppIcon;
				INFOPLIST_FILE = OpenGLES3MostSimpleiOS/Info.plist;
				LD_RUNPATH_SEARCH_PATHS = "$(inherited) @executable_path/Frameworks";
				PRODUCT_BUNDLE_IDENTIFIER = com.skyen.opengles3mostsimpleios.OpenGLES3MostSimpleiOS;
				PRODUCT_NAME = "$(TARGET_NAME)";
			};
			name = Release;
		};
/* End XCBuildConfiguration section */

/* Begin XCConfigurationList section */
		3C2A8B0F1CE8A8D00089CE9F /* Build configuration list for PBXProject "OpenGLES3MostSimpleiOS" */ = {
			isa = XCConfigurationList;
			buildConfigurations = (
				3C2A8B291CE8A8D10089CE9F /* Debug */,
				3C2A8B2A1CE8A8D10089CE9F /* Release */,
			);
			defaultConfigurationIsVisible = 0;
			defaultConfigurationName = Release;
		};
		3C2A8B2B1CE8A8D10089CE9F /* Build configuration list for PBXNativeTarget "OpenGLES3MostSimpleiOS" */ = {
			isa = XCConfigurationList;
			buildConfigurations = (
				3C2A8B2C1CE8A8D10089CE9F /* Debug */,
				3C2A8B2D1CE8A8D10089CE9F /* Release */,
			);
			defaultConfigurationIsVisible = 0;
		};
/* End XCConfigurationList section */
	};
	rootObject = 3C2A8B0C1CE8A8D00089CE9F /* Project object */;
}
